// !$*UTF8*$!
{
	archiveVersion = 1;
	classes = {
	};
	objectVersion = 50;
	objects = {

/* Begin PBXBuildFile section */
		FB66923F2379DAF700935D92 /* SettingListTableViewController.swift in Sources */ = {isa = PBXBuildFile; fileRef = FB66923E2379DAF700935D92 /* SettingListTableViewController.swift */; };
		FBE1036A2379CC8000091560 /* AppDelegate.swift in Sources */ = {isa = PBXBuildFile; fileRef = FBE103692379CC8000091560 /* AppDelegate.swift */; };
		FBE1036C2379CC8000091560 /* SceneDelegate.swift in Sources */ = {isa = PBXBuildFile; fileRef = FBE1036B2379CC8000091560 /* SceneDelegate.swift */; };
		FBE103712379CC8000091560 /* Main.storyboard in Resources */ = {isa = PBXBuildFile; fileRef = FBE1036F2379CC8000091560 /* Main.storyboard */; };
		FBE103732379CC8300091560 /* Assets.xcassets in Resources */ = {isa = PBXBuildFile; fileRef = FBE103722379CC8300091560 /* Assets.xcassets */; };
		FBE103762379CC8300091560 /* LaunchScreen.storyboard in Resources */ = {isa = PBXBuildFile; fileRef = FBE103742379CC8300091560 /* LaunchScreen.storyboard */; };
		FBE1037E2379D02700091560 /* SettingTableViewCell.swift in Sources */ = {isa = PBXBuildFile; fileRef = FBE1037D2379D02700091560 /* SettingTableViewCell.swift */; };
		FBE103802379D29F00091560 /* Setting.swift in Sources */ = {isa = PBXBuildFile; fileRef = FBE1037F2379D29F00091560 /* Setting.swift */; };
		FBE103872379D45200091560 /* SettingController.swift in Sources */ = {isa = PBXBuildFile; fileRef = FBE103862379D45200091560 /* SettingController.swift */; };
/* End PBXBuildFile section */

/* Begin PBXFileReference section */
		FB66923E2379DAF700935D92 /* SettingListTableViewController.swift */ = {isa = PBXFileReference; lastKnownFileType = sourcecode.swift; path = SettingListTableViewController.swift; sourceTree = "<group>"; };
		FBE103662379CC8000091560 /* Settings.app */ = {isa = PBXFileReference; explicitFileType = wrapper.application; includeInIndex = 0; path = Settings.app; sourceTree = BUILT_PRODUCTS_DIR; };
		FBE103692379CC8000091560 /* AppDelegate.swift */ = {isa = PBXFileReference; lastKnownFileType = sourcecode.swift; path = AppDelegate.swift; sourceTree = "<group>"; };
		FBE1036B2379CC8000091560 /* SceneDelegate.swift */ = {isa = PBXFileReference; lastKnownFileType = sourcecode.swift; path = SceneDelegate.swift; sourceTree = "<group>"; };
		FBE103702379CC8000091560 /* Base */ = {isa = PBXFileReference; lastKnownFileType = file.storyboard; name = Base; path = Base.lproj/Main.storyboard; sourceTree = "<group>"; };
		FBE103722379CC8300091560 /* Assets.xcassets */ = {isa = PBXFileReference; lastKnownFileType = folder.assetcatalog; path = Assets.xcassets; sourceTree = "<group>"; };
		FBE103752379CC8300091560 /* Base */ = {isa = PBXFileReference; lastKnownFileType = file.storyboard; name = Base; path = Base.lproj/LaunchScreen.storyboard; sourceTree = "<group>"; };
		FBE103772379CC8300091560 /* Info.plist */ = {isa = PBXFileReference; lastKnownFileType = text.plist.xml; path = Info.plist; sourceTree = "<group>"; };
		FBE1037D2379D02700091560 /* SettingTableViewCell.swift */ = {isa = PBXFileReference; lastKnownFileType = sourcecode.swift; path = SettingTableViewCell.swift; sourceTree = "<group>"; };
		FBE1037F2379D29F00091560 /* Setting.swift */ = {isa = PBXFileReference; lastKnownFileType = sourcecode.swift; path = Setting.swift; sourceTree = "<group>"; };
		FBE103862379D45200091560 /* SettingController.swift */ = {isa = PBXFileReference; lastKnownFileType = sourcecode.swift; path = SettingController.swift; sourceTree = "<group>"; };
/* End PBXFileReference section */

/* Begin PBXFrameworksBuildPhase section */
		FBE103632379CC8000091560 /* Frameworks */ = {
			isa = PBXFrameworksBuildPhase;
			buildActionMask = 2147483647;
			files = (
			);
			runOnlyForDeploymentPostprocessing = 0;
		};
/* End PBXFrameworksBuildPhase section */

/* Begin PBXGroup section */
		FB66923B2379D8A900935D92 /* Model Controllers */ = {
			isa = PBXGroup;
			children = (
				FBE103862379D45200091560 /* SettingController.swift */,
			);
			path = "Model Controllers";
			sourceTree = "<group>";
		};
		FB66923C2379DA7A00935D92 /* View Controllers */ = {
			isa = PBXGroup;
			children = (
				FB66923E2379DAF700935D92 /* SettingListTableViewController.swift */,
				FBE103832379D2E200091560 /* Custom Views */,
			);
			path = "View Controllers";
			sourceTree = "<group>";
		};
		FB66923D2379DA9F00935D92 /* Custom Cells */ = {
			isa = PBXGroup;
			children = (
				FBE1037D2379D02700091560 /* SettingTableViewCell.swift */,
			);
			path = "Custom Cells";
			sourceTree = "<group>";
		};
		FBE1035D2379CC8000091560 = {
			isa = PBXGroup;
			children = (
				FBE103682379CC8000091560 /* Settings */,
				FBE103672379CC8000091560 /* Products */,
			);
			sourceTree = "<group>";
		};
		FBE103672379CC8000091560 /* Products */ = {
			isa = PBXGroup;
			children = (
				FBE103662379CC8000091560 /* Settings.app */,
			);
			name = Products;
			sourceTree = "<group>";
		};
		FBE103682379CC8000091560 /* Settings */ = {
			isa = PBXGroup;
			children = (
				FBE103812379D2AD00091560 /* Model */,
				FB66923B2379D8A900935D92 /* Model Controllers */,
				FB66923C2379DA7A00935D92 /* View Controllers */,
				FBE103822379D2BC00091560 /* Resources */,
			);
			path = Settings;
			sourceTree = "<group>";
		};
		FBE103812379D2AD00091560 /* Model */ = {
			isa = PBXGroup;
			children = (
				FBE1037F2379D29F00091560 /* Setting.swift */,
			);
			path = Model;
			sourceTree = "<group>";
		};
		FBE103822379D2BC00091560 /* Resources */ = {
			isa = PBXGroup;
			children = (
				FBE103692379CC8000091560 /* AppDelegate.swift */,
				FBE1036B2379CC8000091560 /* SceneDelegate.swift */,
				FBE1036F2379CC8000091560 /* Main.storyboard */,
				FBE103722379CC8300091560 /* Assets.xcassets */,
				FBE103742379CC8300091560 /* LaunchScreen.storyboard */,
				FBE103772379CC8300091560 /* Info.plist */,
			);
			path = Resources;
			sourceTree = "<group>";
		};
		FBE103832379D2E200091560 /* Custom Views */ = {
			isa = PBXGroup;
			children = (
				FB66923D2379DA9F00935D92 /* Custom Cells */,
			);
			path = "Custom Views";
			sourceTree = "<group>";
		};
/* End PBXGroup section */

/* Begin PBXNativeTarget section */
		FBE103652379CC8000091560 /* Settings */ = {
			isa = PBXNativeTarget;
			buildConfigurationList = FBE1037A2379CC8300091560 /* Build configuration list for PBXNativeTarget "Settings" */;
			buildPhases = (
				FBE103622379CC8000091560 /* Sources */,
				FBE103632379CC8000091560 /* Frameworks */,
				FBE103642379CC8000091560 /* Resources */,
			);
			buildRules = (
			);
			dependencies = (
			);
			name = Settings;
			productName = Settings30;
			productReference = FBE103662379CC8000091560 /* Settings.app */;
			productType = "com.apple.product-type.application";
		};
/* End PBXNativeTarget section */

/* Begin PBXProject section */
		FBE1035E2379CC8000091560 /* Project object */ = {
			isa = PBXProject;
			attributes = {
				LastSwiftUpdateCheck = 1120;
				LastUpgradeCheck = 1120;
				ORGANIZATIONNAME = "Karl Pfister";
				TargetAttributes = {
					FBE103652379CC8000091560 = {
						CreatedOnToolsVersion = 11.2;
					};
				};
			};
			buildConfigurationList = FBE103612379CC8000091560 /* Build configuration list for PBXProject "Settings" */;
			compatibilityVersion = "Xcode 9.3";
			developmentRegion = en;
			hasScannedForEncodings = 0;
			knownRegions = (
				en,
				Base,
			);
			mainGroup = FBE1035D2379CC8000091560;
			productRefGroup = FBE103672379CC8000091560 /* Products */;
			projectDirPath = "";
			projectRoot = "";
			targets = (
				FBE103652379CC8000091560 /* Settings */,
			);
		};
/* End PBXProject section */

/* Begin PBXResourcesBuildPhase section */
		FBE103642379CC8000091560 /* Resources */ = {
			isa = PBXResourcesBuildPhase;
			buildActionMask = 2147483647;
			files = (
				FBE103762379CC8300091560 /* LaunchScreen.storyboard in Resources */,
				FBE103732379CC8300091560 /* Assets.xcassets in Resources */,
				FBE103712379CC8000091560 /* Main.storyboard in Resources */,
			);
			runOnlyForDeploymentPostprocessing = 0;
		};
/* End PBXResourcesBuildPhase section */

/* Begin PBXSourcesBuildPhase section */
		FBE103622379CC8000091560 /* Sources */ = {
			isa = PBXSourcesBuildPhase;
			buildActionMask = 2147483647;
			files = (
				FBE103872379D45200091560 /* SettingController.swift in Sources */,
				FBE103802379D29F00091560 /* Setting.swift in Sources */,
				FBE1036A2379CC8000091560 /* AppDelegate.swift in Sources */,
				FBE1037E2379D02700091560 /* SettingTableViewCell.swift in Sources */,
				FBE1036C2379CC8000091560 /* SceneDelegate.swift in Sources */,
				FB66923F2379DAF700935D92 /* SettingListTableViewController.swift in Sources */,
			);
			runOnlyForDeploymentPostprocessing = 0;
		};
/* End PBXSourcesBuildPhase section */

/* Begin PBXVariantGroup section */
		FBE1036F2379CC8000091560 /* Main.storyboard */ = {
			isa = PBXVariantGroup;
			children = (
				FBE103702379CC8000091560 /* Base */,
			);
			name = Main.storyboard;
			sourceTree = "<group>";
		};
		FBE103742379CC8300091560 /* LaunchScreen.storyboard */ = {
			isa = PBXVariantGroup;
			children = (
				FBE103752379CC8300091560 /* Base */,
			);
			name = LaunchScreen.storyboard;
			sourceTree = "<group>";
		};
/* End PBXVariantGroup section */

/* Begin XCBuildConfiguration section */
		FBE103782379CC8300091560 /* Debug */ = {
			isa = XCBuildConfiguration;
			buildSettings = {
				ALWAYS_SEARCH_USER_PATHS = NO;
				CLANG_ANALYZER_NONNULL = YES;
				CLANG_ANALYZER_NUMBER_OBJECT_CONVERSION = YES_AGGRESSIVE;
				CLANG_CXX_LANGUAGE_STANDARD = "gnu++14";
				CLANG_CXX_LIBRARY = "libc++";
				CLANG_ENABLE_MODULES = YES;
				CLANG_ENABLE_OBJC_ARC = YES;
				CLANG_ENABLE_OBJC_WEAK = YES;
				CLANG_WARN_BLOCK_CAPTURE_AUTORELEASING = YES;
				CLANG_WARN_BOOL_CONVERSION = YES;
				CLANG_WARN_COMMA = YES;
				CLANG_WARN_CONSTANT_CONVERSION = YES;
				CLANG_WARN_DEPRECATED_OBJC_IMPLEMENTATIONS = YES;
				CLANG_WARN_DIRECT_OBJC_ISA_USAGE = YES_ERROR;
				CLANG_WARN_DOCUMENTATION_COMMENTS = YES;
				CLANG_WARN_EMPTY_BODY = YES;
				CLANG_WARN_ENUM_CONVERSION = YES;
				CLANG_WARN_INFINITE_RECURSION = YES;
				CLANG_WARN_INT_CONVERSION = YES;
				CLANG_WARN_NON_LITERAL_NULL_CONVERSION = YES;
				CLANG_WARN_OBJC_IMPLICIT_RETAIN_SELF = YES;
				CLANG_WARN_OBJC_LITERAL_CONVERSION = YES;
				CLANG_WARN_OBJC_ROOT_CLASS = YES_ERROR;
				CLANG_WARN_RANGE_LOOP_ANALYSIS = YES;
				CLANG_WARN_STRICT_PROTOTYPES = YES;
				CLANG_WARN_SUSPICIOUS_MOVE = YES;
				CLANG_WARN_UNGUARDED_AVAILABILITY = YES_AGGRESSIVE;
				CLANG_WARN_UNREACHABLE_CODE = YES;
				CLANG_WARN__DUPLICATE_METHOD_MATCH = YES;
				COPY_PHASE_STRIP = NO;
				DEBUG_INFORMATION_FORMAT = dwarf;
				ENABLE_STRICT_OBJC_MSGSEND = YES;
				ENABLE_TESTABILITY = YES;
				GCC_C_LANGUAGE_STANDARD = gnu11;
				GCC_DYNAMIC_NO_PIC = NO;
				GCC_NO_COMMON_BLOCKS = YES;
				GCC_OPTIMIZATION_LEVEL = 0;
				GCC_PREPROCESSOR_DEFINITIONS = (
					"DEBUG=1",
					"$(inherited)",
				);
				GCC_WARN_64_TO_32_BIT_CONVERSION = YES;
				GCC_WARN_ABOUT_RETURN_TYPE = YES_ERROR;
				GCC_WARN_UNDECLARED_SELECTOR = YES;
				GCC_WARN_UNINITIALIZED_AUTOS = YES_AGGRESSIVE;
				GCC_WARN_UNUSED_FUNCTION = YES;
				GCC_WARN_UNUSED_VARIABLE = YES;
				IPHONEOS_DEPLOYMENT_TARGET = 13.2;
				MTL_ENABLE_DEBUG_INFO = INCLUDE_SOURCE;
				MTL_FAST_MATH = YES;
				ONLY_ACTIVE_ARCH = YES;
				SDKROOT = iphoneos;
				SWIFT_ACTIVE_COMPILATION_CONDITIONS = DEBUG;
				SWIFT_OPTIMIZATION_LEVEL = "-Onone";
			};
			name = Debug;
		};
		FBE103792379CC8300091560 /* Release */ = {
			isa = XCBuildConfiguration;
			buildSettings = {
				ALWAYS_SEARCH_USER_PATHS = NO;
				CLANG_ANALYZER_NONNULL = YES;
				CLANG_ANALYZER_NUMBER_OBJECT_CONVERSION = YES_AGGRESSIVE;
				CLANG_CXX_LANGUAGE_STANDARD = "gnu++14";
				CLANG_CXX_LIBRARY = "libc++";
				CLANG_ENABLE_MODULES = YES;
				CLANG_ENABLE_OBJC_ARC = YES;
				CLANG_ENABLE_OBJC_WEAK = YES;
				CLANG_WARN_BLOCK_CAPTURE_AUTORELEASING = YES;
				CLANG_WARN_BOOL_CONVERSION = YES;
				CLANG_WARN_COMMA = YES;
				CLANG_WARN_CONSTANT_CONVERSION = YES;
				CLANG_WARN_DEPRECATED_OBJC_IMPLEMENTATIONS = YES;
				CLANG_WARN_DIRECT_OBJC_ISA_USAGE = YES_ERROR;
				CLANG_WARN_DOCUMENTATION_COMMENTS = YES;
				CLANG_WARN_EMPTY_BODY = YES;
				CLANG_WARN_ENUM_CONVERSION = YES;
				CLANG_WARN_INFINITE_RECURSION = YES;
				CLANG_WARN_INT_CONVERSION = YES;
				CLANG_WARN_NON_LITERAL_NULL_CONVERSION = YES;
				CLANG_WARN_OBJC_IMPLICIT_RETAIN_SELF = YES;
				CLANG_WARN_OBJC_LITERAL_CONVERSION = YES;
				CLANG_WARN_OBJC_ROOT_CLASS = YES_ERROR;
				CLANG_WARN_RANGE_LOOP_ANALYSIS = YES;
				CLANG_WARN_STRICT_PROTOTYPES = YES;
				CLANG_WARN_SUSPICIOUS_MOVE = YES;
				CLANG_WARN_UNGUARDED_AVAILABILITY = YES_AGGRESSIVE;
				CLANG_WARN_UNREACHABLE_CODE = YES;
				CLANG_WARN__DUPLICATE_METHOD_MATCH = YES;
				COPY_PHASE_STRIP = NO;
				DEBUG_INFORMATION_FORMAT = "dwarf-with-dsym";
				ENABLE_NS_ASSERTIONS = NO;
				ENABLE_STRICT_OBJC_MSGSEND = YES;
				GCC_C_LANGUAGE_STANDARD = gnu11;
				GCC_NO_COMMON_BLOCKS = YES;
				GCC_WARN_64_TO_32_BIT_CONVERSION = YES;
				GCC_WARN_ABOUT_RETURN_TYPE = YES_ERROR;
				GCC_WARN_UNDECLARED_SELECTOR = YES;
				GCC_WARN_UNINITIALIZED_AUTOS = YES_AGGRESSIVE;
				GCC_WARN_UNUSED_FUNCTION = YES;
				GCC_WARN_UNUSED_VARIABLE = YES;
				IPHONEOS_DEPLOYMENT_TARGET = 13.2;
				MTL_ENABLE_DEBUG_INFO = NO;
				MTL_FAST_MATH = YES;
				SDKROOT = iphoneos;
				SWIFT_COMPILATION_MODE = wholemodule;
				SWIFT_OPTIMIZATION_LEVEL = "-O";
				VALIDATE_PRODUCT = YES;
			};
			name = Release;
		};
		FBE1037B2379CC8300091560 /* Debug */ = {
			isa = XCBuildConfiguration;
			buildSettings = {
				ASSETCATALOG_COMPILER_APPICON_NAME = AppIcon;
				CODE_SIGN_STYLE = Automatic;
				DEVELOPMENT_TEAM = 4J7B9732LY;
				INFOPLIST_FILE = "$(SRCROOT)/Settings/Resources/Info.plist";
				LD_RUNPATH_SEARCH_PATHS = (
					"$(inherited)",
					"@executable_path/Frameworks",
				);
				PRODUCT_BUNDLE_IDENTIFIER = com.DevMountain.Settings;
				PRODUCT_NAME = "$(TARGET_NAME)";
				SWIFT_VERSION = 5.0;
				TARGETED_DEVICE_FAMILY = "1,2";
			};
			name = Debug;
		};
		FBE1037C2379CC8300091560 /* Release */ = {
			isa = XCBuildConfiguration;
			buildSettings = {
				ASSETCATALOG_COMPILER_APPICON_NAME = AppIcon;
				CODE_SIGN_STYLE = Automatic;
				DEVELOPMENT_TEAM = 4J7B9732LY;
				INFOPLIST_FILE = "$(SRCROOT)/Settings/Resources/Info.plist";
				LD_RUNPATH_SEARCH_PATHS = (
					"$(inherited)",
					"@executable_path/Frameworks",
				);
				PRODUCT_BUNDLE_IDENTIFIER = com.DevMountain.Settings;
				PRODUCT_NAME = "$(TARGET_NAME)";
				SWIFT_VERSION = 5.0;
				TARGETED_DEVICE_FAMILY = "1,2";
			};
			name = Release;
		};
/* End XCBuildConfiguration section */

/* Begin XCConfigurationList section */
		FBE103612379CC8000091560 /* Build configuration list for PBXProject "Settings" */ = {
			isa = XCConfigurationList;
			buildConfigurations = (
				FBE103782379CC8300091560 /* Debug */,
				FBE103792379CC8300091560 /* Release */,
			);
			defaultConfigurationIsVisible = 0;
			defaultConfigurationName = Release;
		};
		FBE1037A2379CC8300091560 /* Build configuration list for PBXNativeTarget "Settings" */ = {
			isa = XCConfigurationList;
			buildConfigurations = (
				FBE1037B2379CC8300091560 /* Debug */,
				FBE1037C2379CC8300091560 /* Release */,
			);
			defaultConfigurationIsVisible = 0;
			defaultConfigurationName = Release;
		};
/* End XCConfigurationList section */
	};
	rootObject = FBE1035E2379CC8000091560 /* Project object */;
}
